// !$*UTF8*$!
{
	archiveVersion = 1;
	classes = {
	};
	objectVersion = 46;
	objects = {

/* Begin PBXBuildFile section */
		8B275E721766892900C9E329 /* StringUtils.cpp in Sources */ = {isa = PBXBuildFile; fileRef = 8B275E701766892900C9E329 /* StringUtils.cpp */; };
		8B9CCD38175FD56B00D64BCC /* UIKit.framework in Frameworks */ = {isa = PBXBuildFile; fileRef = 8B9CCD37175FD56B00D64BCC /* UIKit.framework */; };
		8B9CCD3A175FD56B00D64BCC /* Foundation.framework in Frameworks */ = {isa = PBXBuildFile; fileRef = 8B9CCD39175FD56B00D64BCC /* Foundation.framework */; };
		8B9CCD3C175FD56B00D64BCC /* CoreGraphics.framework in Frameworks */ = {isa = PBXBuildFile; fileRef = 8B9CCD3B175FD56B00D64BCC /* CoreGraphics.framework */; };
		8B9CCD44175FD56B00D64BCC /* InfoPlist.strings in Resources */ = {isa = PBXBuildFile; fileRef = 8B9CCD42175FD56B00D64BCC /* InfoPlist.strings */; };
		8B9CCD4C175FD56B00D64BCC /* Default.png in Resources */ = {isa = PBXBuildFile; fileRef = 8B9CCD4B175FD56B00D64BCC /* Default.png */; };
		8B9CCD4E175FD56B00D64BCC /* Default@2x.png in Resources */ = {isa = PBXBuildFile; fileRef = 8B9CCD4D175FD56B00D64BCC /* Default@2x.png */; };
		8B9CCD50175FD56B00D64BCC /* Default-568h@2x.png in Resources */ = {isa = PBXBuildFile; fileRef = 8B9CCD4F175FD56B00D64BCC /* Default-568h@2x.png */; };
		8BFA4E9E17612C11001A7D00 /* Display.cpp in Sources */ = {isa = PBXBuildFile; fileRef = 8BFA4E9917612C11001A7D00 /* Display.cpp */; };
		8BFA4EBE17612F04001A7D00 /* CocosHelper.cpp in Sources */ = {isa = PBXBuildFile; fileRef = 8BFA4EBC17612F04001A7D00 /* CocosHelper.cpp */; };
		8BFA4ECA17612FD1001A7D00 /* AppDelegate.mm in Sources */ = {isa = PBXBuildFile; fileRef = 8BFA4EC117612FD1001A7D00 /* AppDelegate.mm */; };
		8BFA4ECB17612FD1001A7D00 /* ios_display.mm in Sources */ = {isa = PBXBuildFile; fileRef = 8BFA4EC317612FD1001A7D00 /* ios_display.mm */; };
		8BFA4ECD17612FD1001A7D00 /* ViewController.mm in Sources */ = {isa = PBXBuildFile; fileRef = 8BFA4EC717612FD1001A7D00 /* ViewController.mm */; };
		8BFA4ECE17612FD1001A7D00 /* GLSurface.m in Sources */ = {isa = PBXBuildFile; fileRef = 8BFA4EC917612FD1001A7D00 /* GLSurface.m */; };
		8BFA4ED4176130F7001A7D00 /* SEngine.cpp in Sources */ = {isa = PBXBuildFile; fileRef = 8BFA4ED2176130F7001A7D00 /* SEngine.cpp */; };
		8BFA4ED7176131E5001A7D00 /* RenderSystem.cpp in Sources */ = {isa = PBXBuildFile; fileRef = 8BFA4ED5176131E5001A7D00 /* RenderSystem.cpp */; };
		8BFA4EDB176134BF001A7D00 /* SGame.cpp in Sources */ = {isa = PBXBuildFile; fileRef = 8BFA4ED9176134BF001A7D00 /* SGame.cpp */; };
		8BFA4EDC17613773001A7D00 /* libcocos2dx.a in Frameworks */ = {isa = PBXBuildFile; fileRef = 8BFA4EBA17612EDB001A7D00 /* libcocos2dx.a */; };
		8BFA4EDE1761377C001A7D00 /* OpenGLES.framework in Frameworks */ = {isa = PBXBuildFile; fileRef = 8BFA4EDD1761377C001A7D00 /* OpenGLES.framework */; };
		8BFA4EE017613794001A7D00 /* QuartzCore.framework in Frameworks */ = {isa = PBXBuildFile; fileRef = 8BFA4EDF17613794001A7D00 /* QuartzCore.framework */; };
		8BFA4EE2176137A1001A7D00 /* libstdc++.6.dylib in Frameworks */ = {isa = PBXBuildFile; fileRef = 8BFA4EE1176137A1001A7D00 /* libstdc++.6.dylib */; };
		8BFA4EE4176137D4001A7D00 /* libz.dylib in Frameworks */ = {isa = PBXBuildFile; fileRef = 8BFA4EE3176137D4001A7D00 /* libz.dylib */; };
		8BFA4EE6176137EA001A7D00 /* libxml2.dylib in Frameworks */ = {isa = PBXBuildFile; fileRef = 8BFA4EE5176137E9001A7D00 /* libxml2.dylib */; };
		8BFA4EFE1763B25D001A7D00 /* SGameSession.cpp in Sources */ = {isa = PBXBuildFile; fileRef = 8BFA4EFC1763B25D001A7D00 /* SGameSession.cpp */; };
		8BFA4F011763B26A001A7D00 /* SGameField.cpp in Sources */ = {isa = PBXBuildFile; fileRef = 8BFA4EFF1763B269001A7D00 /* SGameField.cpp */; };
		8BFA4F041763B276001A7D00 /* SSnake.cpp in Sources */ = {isa = PBXBuildFile; fileRef = 8BFA4F021763B275001A7D00 /* SSnake.cpp */; };
		8BFA4F091763B8B8001A7D00 /* SInterface.cpp in Sources */ = {isa = PBXBuildFile; fileRef = 8BFA4F071763B8B8001A7D00 /* SInterface.cpp */; };
		8BFA4F111763D73C001A7D00 /* retina in Resources */ = {isa = PBXBuildFile; fileRef = 8BFA4F0F1763D73C001A7D00 /* retina */; };
		8BFA4F121763D73C001A7D00 /* simple in Resources */ = {isa = PBXBuildFile; fileRef = 8BFA4F101763D73C001A7D00 /* simple */; };
		8BFA4F1817650B62001A7D00 /* SGameFieldData.cpp in Sources */ = {isa = PBXBuildFile; fileRef = 8BFA4F1617650B61001A7D00 /* SGameFieldData.cpp */; };
		8BFA4F1B17650B7A001A7D00 /* SSnakeData.cpp in Sources */ = {isa = PBXBuildFile; fileRef = 8BFA4F1917650B77001A7D00 /* SSnakeData.cpp */; };
/* End PBXBuildFile section */

/* Begin PBXContainerItemProxy section */
		8BFA4EB917612EDB001A7D00 /* PBXContainerItemProxy */ = {
			isa = PBXContainerItemProxy;
			containerPortal = 8BFA4EB517612EDA001A7D00 /* cocos2dx.xcodeproj */;
			proxyType = 2;
			remoteGlobalIDString = 1551A33F158F2AB200E66CFE;
			remoteInfo = cocos2dx;
		};
/* End PBXContainerItemProxy section */

/* Begin PBXFileReference section */
		8B275E6917652EF400C9E329 /* SGameSessionDelegate.h */ = {isa = PBXFileReference; lastKnownFileType = sourcecode.c.h; path = SGameSessionDelegate.h; sourceTree = "<group>"; };
		8B275E6D17667A8C00C9E329 /* SInterfaceDelegate.h */ = {isa = PBXFileReference; lastKnownFileType = sourcecode.c.h; path = SInterfaceDelegate.h; sourceTree = "<group>"; };
		8B275E701766892900C9E329 /* StringUtils.cpp */ = {isa = PBXFileReference; fileEncoding = 4; lastKnownFileType = sourcecode.cpp.cpp; path = StringUtils.cpp; sourceTree = "<group>"; };
		8B275E711766892900C9E329 /* StringUtils.h */ = {isa = PBXFileReference; fileEncoding = 4; lastKnownFileType = sourcecode.c.h; path = StringUtils.h; sourceTree = "<group>"; };
		8B9CCD34175FD56B00D64BCC /* Snake.app */ = {isa = PBXFileReference; explicitFileType = wrapper.application; includeInIndex = 0; path = Snake.app; sourceTree = BUILT_PRODUCTS_DIR; };
		8B9CCD37175FD56B00D64BCC /* UIKit.framework */ = {isa = PBXFileReference; lastKnownFileType = wrapper.framework; name = UIKit.framework; path = System/Library/Frameworks/UIKit.framework; sourceTree = SDKROOT; };
		8B9CCD39175FD56B00D64BCC /* Foundation.framework */ = {isa = PBXFileReference; lastKnownFileType = wrapper.framework; name = Foundation.framework; path = System/Library/Frameworks/Foundation.framework; sourceTree = SDKROOT; };
		8B9CCD3B175FD56B00D64BCC /* CoreGraphics.framework */ = {isa = PBXFileReference; lastKnownFileType = wrapper.framework; name = CoreGraphics.framework; path = System/Library/Frameworks/CoreGraphics.framework; sourceTree = SDKROOT; };
		8B9CCD3D175FD56B00D64BCC /* CoreData.framework */ = {isa = PBXFileReference; lastKnownFileType = wrapper.framework; name = CoreData.framework; path = System/Library/Frameworks/CoreData.framework; sourceTree = SDKROOT; };
		8B9CCD41175FD56B00D64BCC /* Snake-Info.plist */ = {isa = PBXFileReference; lastKnownFileType = text.plist.xml; path = "Snake-Info.plist"; sourceTree = "<group>"; };
		8B9CCD43175FD56B00D64BCC /* en */ = {isa = PBXFileReference; lastKnownFileType = text.plist.strings; name = en; path = en.lproj/InfoPlist.strings; sourceTree = "<group>"; };
		8B9CCD47175FD56B00D64BCC /* Snake-Prefix.pch */ = {isa = PBXFileReference; lastKnownFileType = sourcecode.c.h; path = "Snake-Prefix.pch"; sourceTree = "<group>"; };
		8B9CCD4B175FD56B00D64BCC /* Default.png */ = {isa = PBXFileReference; lastKnownFileType = image.png; path = Default.png; sourceTree = "<group>"; };
		8B9CCD4D175FD56B00D64BCC /* Default@2x.png */ = {isa = PBXFileReference; lastKnownFileType = image.png; path = "Default@2x.png"; sourceTree = "<group>"; };
		8B9CCD4F175FD56B00D64BCC /* Default-568h@2x.png */ = {isa = PBXFileReference; lastKnownFileType = image.png; path = "Default-568h@2x.png"; sourceTree = "<group>"; };
		8BFA4E9817612C11001A7D00 /* Display.h */ = {isa = PBXFileReference; fileEncoding = 4; lastKnownFileType = sourcecode.c.h; path = Display.h; sourceTree = "<group>"; };
		8BFA4E9917612C11001A7D00 /* Display.cpp */ = {isa = PBXFileReference; fileEncoding = 4; lastKnownFileType = sourcecode.cpp.cpp; path = Display.cpp; sourceTree = "<group>"; };
		8BFA4E9D17612C11001A7D00 /* DisplayInputDelegate.h */ = {isa = PBXFileReference; fileEncoding = 4; lastKnownFileType = sourcecode.c.h; path = DisplayInputDelegate.h; sourceTree = "<group>"; };
		8BFA4EA517612DA2001A7D00 /* GlobalConstants.h */ = {isa = PBXFileReference; fileEncoding = 4; lastKnownFileType = sourcecode.c.h; path = GlobalConstants.h; sourceTree = "<group>"; };
		8BFA4EA717612DC1001A7D00 /* Matrix.h */ = {isa = PBXFileReference; fileEncoding = 4; lastKnownFileType = sourcecode.c.h; path = Matrix.h; sourceTree = "<group>"; };
		8BFA4EA817612DC1001A7D00 /* MyMath.h */ = {isa = PBXFileReference; fileEncoding = 4; lastKnownFileType = sourcecode.c.h; path = MyMath.h; sourceTree = "<group>"; };
		8BFA4EA917612DC1001A7D00 /* GLKMath.h */ = {isa = PBXFileReference; fileEncoding = 4; lastKnownFileType = sourcecode.c.h; path = GLKMath.h; sourceTree = "<group>"; };
		8BFA4EAA17612DC1001A7D00 /* GLKMathTypes.h */ = {isa = PBXFileReference; fileEncoding = 4; lastKnownFileType = sourcecode.c.h; path = GLKMathTypes.h; sourceTree = "<group>"; };
		8BFA4EAB17612DC1001A7D00 /* GLKMathUtils.h */ = {isa = PBXFileReference; fileEncoding = 4; lastKnownFileType = sourcecode.c.h; path = GLKMathUtils.h; sourceTree = "<group>"; };
		8BFA4EAC17612DC1001A7D00 /* GLKMatrix3.h */ = {isa = PBXFileReference; fileEncoding = 4; lastKnownFileType = sourcecode.c.h; path = GLKMatrix3.h; sourceTree = "<group>"; };
		8BFA4EAD17612DC1001A7D00 /* GLKMatrix4.h */ = {isa = PBXFileReference; fileEncoding = 4; lastKnownFileType = sourcecode.c.h; path = GLKMatrix4.h; sourceTree = "<group>"; };
		8BFA4EAE17612DC1001A7D00 /* GLKMatrixStack.h */ = {isa = PBXFileReference; fileEncoding = 4; lastKnownFileType = sourcecode.c.h; path = GLKMatrixStack.h; sourceTree = "<group>"; };
		8BFA4EAF17612DC1001A7D00 /* GLKQuaternion.h */ = {isa = PBXFileReference; fileEncoding = 4; lastKnownFileType = sourcecode.c.h; path = GLKQuaternion.h; sourceTree = "<group>"; };
		8BFA4EB017612DC1001A7D00 /* GLKVector2.h */ = {isa = PBXFileReference; fileEncoding = 4; lastKnownFileType = sourcecode.c.h; path = GLKVector2.h; sourceTree = "<group>"; };
		8BFA4EB117612DC1001A7D00 /* GLKVector3.h */ = {isa = PBXFileReference; fileEncoding = 4; lastKnownFileType = sourcecode.c.h; path = GLKVector3.h; sourceTree = "<group>"; };
		8BFA4EB217612DC1001A7D00 /* GLKVector4.h */ = {isa = PBXFileReference; fileEncoding = 4; lastKnownFileType = sourcecode.c.h; path = GLKVector4.h; sourceTree = "<group>"; };
		8BFA4EB317612DC1001A7D00 /* Geometry.h */ = {isa = PBXFileReference; fileEncoding = 4; lastKnownFileType = sourcecode.c.h; path = Geometry.h; sourceTree = "<group>"; };
		8BFA4EB517612EDA001A7D00 /* cocos2dx.xcodeproj */ = {isa = PBXFileReference; lastKnownFileType = "wrapper.pb-project"; name = cocos2dx.xcodeproj; path = "cocos2d-2.0-x-2.0.4/cocos2dx/proj.ios/cocos2dx.xcodeproj"; sourceTree = "<group>"; };
		8BFA4EBC17612F04001A7D00 /* CocosHelper.cpp */ = {isa = PBXFileReference; fileEncoding = 4; lastKnownFileType = sourcecode.cpp.cpp; path = CocosHelper.cpp; sourceTree = "<group>"; };
		8BFA4EBD17612F04001A7D00 /* CocosHelper.h */ = {isa = PBXFileReference; fileEncoding = 4; lastKnownFileType = sourcecode.c.h; path = CocosHelper.h; sourceTree = "<group>"; };
		8BFA4EC017612FD1001A7D00 /* AppDelegate.h */ = {isa = PBXFileReference; fileEncoding = 4; lastKnownFileType = sourcecode.c.h; path = AppDelegate.h; sourceTree = "<group>"; };
		8BFA4EC117612FD1001A7D00 /* AppDelegate.mm */ = {isa = PBXFileReference; fileEncoding = 4; lastKnownFileType = sourcecode.cpp.objcpp; path = AppDelegate.mm; sourceTree = "<group>"; };
		8BFA4EC217612FD1001A7D00 /* ios_display.h */ = {isa = PBXFileReference; fileEncoding = 4; lastKnownFileType = sourcecode.c.h; path = ios_display.h; sourceTree = "<group>"; };
		8BFA4EC317612FD1001A7D00 /* ios_display.mm */ = {isa = PBXFileReference; fileEncoding = 4; lastKnownFileType = sourcecode.cpp.objcpp; path = ios_display.mm; sourceTree = "<group>"; };
		8BFA4EC617612FD1001A7D00 /* ViewController.h */ = {isa = PBXFileReference; fileEncoding = 4; lastKnownFileType = sourcecode.c.h; path = ViewController.h; sourceTree = "<group>"; };
		8BFA4EC717612FD1001A7D00 /* ViewController.mm */ = {isa = PBXFileReference; fileEncoding = 4; lastKnownFileType = sourcecode.cpp.objcpp; path = ViewController.mm; sourceTree = "<group>"; };
		8BFA4EC817612FD1001A7D00 /* GLSurface.h */ = {isa = PBXFileReference; fileEncoding = 4; lastKnownFileType = sourcecode.c.h; path = GLSurface.h; sourceTree = "<group>"; };
		8BFA4EC917612FD1001A7D00 /* GLSurface.m */ = {isa = PBXFileReference; fileEncoding = 4; lastKnownFileType = sourcecode.c.objc; path = GLSurface.m; sourceTree = "<group>"; };
		8BFA4ECF1761300F001A7D00 /* miniPrefix.h */ = {isa = PBXFileReference; fileEncoding = 4; lastKnownFileType = sourcecode.c.h; path = miniPrefix.h; sourceTree = "<group>"; };
		8BFA4ED2176130F7001A7D00 /* SEngine.cpp */ = {isa = PBXFileReference; fileEncoding = 4; lastKnownFileType = sourcecode.cpp.cpp; path = SEngine.cpp; sourceTree = "<group>"; };
		8BFA4ED3176130F7001A7D00 /* SEngine.h */ = {isa = PBXFileReference; fileEncoding = 4; lastKnownFileType = sourcecode.c.h; path = SEngine.h; sourceTree = "<group>"; };
		8BFA4ED5176131E5001A7D00 /* RenderSystem.cpp */ = {isa = PBXFileReference; fileEncoding = 4; lastKnownFileType = sourcecode.cpp.cpp; path = RenderSystem.cpp; sourceTree = "<group>"; };
		8BFA4ED6176131E5001A7D00 /* RenderSystem.h */ = {isa = PBXFileReference; fileEncoding = 4; lastKnownFileType = sourcecode.c.h; path = RenderSystem.h; sourceTree = "<group>"; };
		8BFA4ED9176134BF001A7D00 /* SGame.cpp */ = {isa = PBXFileReference; fileEncoding = 4; lastKnownFileType = sourcecode.cpp.cpp; path = SGame.cpp; sourceTree = "<group>"; };
		8BFA4EDA176134BF001A7D00 /* SGame.h */ = {isa = PBXFileReference; fileEncoding = 4; lastKnownFileType = sourcecode.c.h; path = SGame.h; sourceTree = "<group>"; };
		8BFA4EDD1761377C001A7D00 /* OpenGLES.framework */ = {isa = PBXFileReference; lastKnownFileType = wrapper.framework; name = OpenGLES.framework; path = System/Library/Frameworks/OpenGLES.framework; sourceTree = SDKROOT; };
		8BFA4EDF17613794001A7D00 /* QuartzCore.framework */ = {isa = PBXFileReference; lastKnownFileType = wrapper.framework; name = QuartzCore.framework; path = System/Library/Frameworks/QuartzCore.framework; sourceTree = SDKROOT; };
		8BFA4EE1176137A1001A7D00 /* libstdc++.6.dylib */ = {isa = PBXFileReference; lastKnownFileType = "compiled.mach-o.dylib"; name = "libstdc++.6.dylib"; path = "usr/lib/libstdc++.6.dylib"; sourceTree = SDKROOT; };
		8BFA4EE3176137D4001A7D00 /* libz.dylib */ = {isa = PBXFileReference; lastKnownFileType = "compiled.mach-o.dylib"; name = libz.dylib; path = usr/lib/libz.dylib; sourceTree = SDKROOT; };
		8BFA4EE5176137E9001A7D00 /* libxml2.dylib */ = {isa = PBXFileReference; lastKnownFileType = "compiled.mach-o.dylib"; name = libxml2.dylib; path = usr/lib/libxml2.dylib; sourceTree = SDKROOT; };
		8BFA4EFC1763B25D001A7D00 /* SGameSession.cpp */ = {isa = PBXFileReference; fileEncoding = 4; lastKnownFileType = sourcecode.cpp.cpp; path = SGameSession.cpp; sourceTree = "<group>"; };
		8BFA4EFD1763B25D001A7D00 /* SGameSession.h */ = {isa = PBXFileReference; fileEncoding = 4; lastKnownFileType = sourcecode.c.h; path = SGameSession.h; sourceTree = "<group>"; };
		8BFA4EFF1763B269001A7D00 /* SGameField.cpp */ = {isa = PBXFileReference; fileEncoding = 4; lastKnownFileType = sourcecode.cpp.cpp; path = SGameField.cpp; sourceTree = "<group>"; };
		8BFA4F001763B269001A7D00 /* SGameField.h */ = {isa = PBXFileReference; fileEncoding = 4; lastKnownFileType = sourcecode.c.h; path = SGameField.h; sourceTree = "<group>"; };
		8BFA4F021763B275001A7D00 /* SSnake.cpp */ = {isa = PBXFileReference; fileEncoding = 4; lastKnownFileType = sourcecode.cpp.cpp; path = SSnake.cpp; sourceTree = "<group>"; };
		8BFA4F031763B276001A7D00 /* SSnake.h */ = {isa = PBXFileReference; fileEncoding = 4; lastKnownFileType = sourcecode.c.h; path = SSnake.h; sourceTree = "<group>"; };
		8BFA4F071763B8B8001A7D00 /* SInterface.cpp */ = {isa = PBXFileReference; fileEncoding = 4; lastKnownFileType = sourcecode.cpp.cpp; path = SInterface.cpp; sourceTree = "<group>"; };
		8BFA4F081763B8B8001A7D00 /* SInterface.h */ = {isa = PBXFileReference; fileEncoding = 4; lastKnownFileType = sourcecode.c.h; path = SInterface.h; sourceTree = "<group>"; };
		8BFA4F0F1763D73C001A7D00 /* retina */ = {isa = PBXFileReference; lastKnownFileType = folder; path = retina; sourceTree = "<group>"; };
		8BFA4F101763D73C001A7D00 /* simple */ = {isa = PBXFileReference; lastKnownFileType = folder; path = simple; sourceTree = "<group>"; };
		8BFA4F1617650B61001A7D00 /* SGameFieldData.cpp */ = {isa = PBXFileReference; fileEncoding = 4; lastKnownFileType = sourcecode.cpp.cpp; path = SGameFieldData.cpp; sourceTree = "<group>"; };
		8BFA4F1717650B61001A7D00 /* SGameFieldData.h */ = {isa = PBXFileReference; fileEncoding = 4; lastKnownFileType = sourcecode.c.h; path = SGameFieldData.h; sourceTree = "<group>"; };
		8BFA4F1917650B77001A7D00 /* SSnakeData.cpp */ = {isa = PBXFileReference; fileEncoding = 4; lastKnownFileType = sourcecode.cpp.cpp; path = SSnakeData.cpp; sourceTree = "<group>"; };
		8BFA4F1A17650B78001A7D00 /* SSnakeData.h */ = {isa = PBXFileReference; fileEncoding = 4; lastKnownFileType = sourcecode.c.h; path = SSnakeData.h; sourceTree = "<group>"; };
		8BFA4F1D17651AB4001A7D00 /* SSnakeEnviromentInterface.h */ = {isa = PBXFileReference; lastKnownFileType = sourcecode.c.h; path = SSnakeEnviromentInterface.h; sourceTree = "<group>"; };
/* End PBXFileReference section */

/* Begin PBXFrameworksBuildPhase section */
		8B9CCD31175FD56B00D64BCC /* Frameworks */ = {
			isa = PBXFrameworksBuildPhase;
			buildActionMask = 2147483647;
			files = (
				8BFA4EE6176137EA001A7D00 /* libxml2.dylib in Frameworks */,
				8BFA4EE4176137D4001A7D00 /* libz.dylib in Frameworks */,
				8BFA4EE2176137A1001A7D00 /* libstdc++.6.dylib in Frameworks */,
				8BFA4EE017613794001A7D00 /* QuartzCore.framework in Frameworks */,
				8B9CCD3C175FD56B00D64BCC /* CoreGraphics.framework in Frameworks */,
				8BFA4EDE1761377C001A7D00 /* OpenGLES.framework in Frameworks */,
				8BFA4EDC17613773001A7D00 /* libcocos2dx.a in Frameworks */,
				8B9CCD38175FD56B00D64BCC /* UIKit.framework in Frameworks */,
				8B9CCD3A175FD56B00D64BCC /* Foundation.framework in Frameworks */,
			);
			runOnlyForDeploymentPostprocessing = 0;
		};
/* End PBXFrameworksBuildPhase section */

/* Begin PBXGroup section */
		8B9CCD2B175FD56B00D64BCC = {
			isa = PBXGroup;
			children = (
				8B9CCD3F175FD56B00D64BCC /* Snake */,
				8B9CCD36175FD56B00D64BCC /* Frameworks */,
				8B9CCD35175FD56B00D64BCC /* Products */,
			);
			sourceTree = "<group>";
		};
		8B9CCD35175FD56B00D64BCC /* Products */ = {
			isa = PBXGroup;
			children = (
				8B9CCD34175FD56B00D64BCC /* Snake.app */,
			);
			name = Products;
			sourceTree = "<group>";
		};
		8B9CCD36175FD56B00D64BCC /* Frameworks */ = {
			isa = PBXGroup;
			children = (
				8BFA4EE5176137E9001A7D00 /* libxml2.dylib */,
				8BFA4EE3176137D4001A7D00 /* libz.dylib */,
				8BFA4EE1176137A1001A7D00 /* libstdc++.6.dylib */,
				8BFA4EDF17613794001A7D00 /* QuartzCore.framework */,
				8BFA4EDD1761377C001A7D00 /* OpenGLES.framework */,
				8B9CCD37175FD56B00D64BCC /* UIKit.framework */,
				8B9CCD39175FD56B00D64BCC /* Foundation.framework */,
				8B9CCD3B175FD56B00D64BCC /* CoreGraphics.framework */,
				8B9CCD3D175FD56B00D64BCC /* CoreData.framework */,
			);
			name = Frameworks;
			sourceTree = "<group>";
		};
		8B9CCD3F175FD56B00D64BCC /* Snake */ = {
			isa = PBXGroup;
			children = (
				8BFA4F0E1763D6ED001A7D00 /* Resources */,
				8BFA4E9717612BE0001A7D00 /* Sys */,
				8BFA4EA217612D4C001A7D00 /* Utils */,
				8BFA4EB417612E1C001A7D00 /* Vendors */,
				8BFA4ED117613065001A7D00 /* Game */,
				8BFA4ED01761303A001A7D00 /* Engine */,
				8B9CCD40175FD56B00D64BCC /* Supporting Files */,
			);
			path = Snake;
			sourceTree = "<group>";
		};
		8B9CCD40175FD56B00D64BCC /* Supporting Files */ = {
			isa = PBXGroup;
			children = (
				8B9CCD41175FD56B00D64BCC /* Snake-Info.plist */,
				8B9CCD42175FD56B00D64BCC /* InfoPlist.strings */,
				8B9CCD47175FD56B00D64BCC /* Snake-Prefix.pch */,
				8BFA4ECF1761300F001A7D00 /* miniPrefix.h */,
				8B9CCD4B175FD56B00D64BCC /* Default.png */,
				8B9CCD4D175FD56B00D64BCC /* Default@2x.png */,
				8B9CCD4F175FD56B00D64BCC /* Default-568h@2x.png */,
			);
			name = "Supporting Files";
			sourceTree = "<group>";
		};
		8BFA4E9717612BE0001A7D00 /* Sys */ = {
			isa = PBXGroup;
			children = (
				8BFA4EBF17612FB0001A7D00 /* ios */,
				8BFA4E9817612C11001A7D00 /* Display.h */,
				8BFA4E9917612C11001A7D00 /* Display.cpp */,
				8BFA4E9D17612C11001A7D00 /* DisplayInputDelegate.h */,
			);
			path = Sys;
			sourceTree = "<group>";
		};
		8BFA4EA217612D4C001A7D00 /* Utils */ = {
			isa = PBXGroup;
			children = (
				8BFA4EA617612DB2001A7D00 /* MathKit */,
				8BFA4EA517612DA2001A7D00 /* GlobalConstants.h */,
				8B275E701766892900C9E329 /* StringUtils.cpp */,
				8B275E711766892900C9E329 /* StringUtils.h */,
			);
			path = Utils;
			sourceTree = "<group>";
		};
		8BFA4EA617612DB2001A7D00 /* MathKit */ = {
			isa = PBXGroup;
			children = (
				8BFA4EA717612DC1001A7D00 /* Matrix.h */,
				8BFA4EA817612DC1001A7D00 /* MyMath.h */,
				8BFA4EA917612DC1001A7D00 /* GLKMath.h */,
				8BFA4EAA17612DC1001A7D00 /* GLKMathTypes.h */,
				8BFA4EAB17612DC1001A7D00 /* GLKMathUtils.h */,
				8BFA4EAC17612DC1001A7D00 /* GLKMatrix3.h */,
				8BFA4EAD17612DC1001A7D00 /* GLKMatrix4.h */,
				8BFA4EAE17612DC1001A7D00 /* GLKMatrixStack.h */,
				8BFA4EAF17612DC1001A7D00 /* GLKQuaternion.h */,
				8BFA4EB017612DC1001A7D00 /* GLKVector2.h */,
				8BFA4EB117612DC1001A7D00 /* GLKVector3.h */,
				8BFA4EB217612DC1001A7D00 /* GLKVector4.h */,
				8BFA4EB317612DC1001A7D00 /* Geometry.h */,
			);
			path = MathKit;
			sourceTree = "<group>";
		};
		8BFA4EB417612E1C001A7D00 /* Vendors */ = {
			isa = PBXGroup;
			children = (
				8BFA4EBB17612EEF001A7D00 /* CocosHelper */,
				8BFA4EB517612EDA001A7D00 /* cocos2dx.xcodeproj */,
			);
			path = Vendors;
			sourceTree = "<group>";
		};
		8BFA4EB617612EDA001A7D00 /* Products */ = {
			isa = PBXGroup;
			children = (
				8BFA4EBA17612EDB001A7D00 /* libcocos2dx.a */,
			);
			name = Products;
			sourceTree = "<group>";
		};
		8BFA4EBB17612EEF001A7D00 /* CocosHelper */ = {
			isa = PBXGroup;
			children = (
				8BFA4EBC17612F04001A7D00 /* CocosHelper.cpp */,
				8BFA4EBD17612F04001A7D00 /* CocosHelper.h */,
			);
			path = CocosHelper;
			sourceTree = "<group>";
		};
		8BFA4EBF17612FB0001A7D00 /* ios */ = {
			isa = PBXGroup;
			children = (
				8BFA4EC017612FD1001A7D00 /* AppDelegate.h */,
				8BFA4EC117612FD1001A7D00 /* AppDelegate.mm */,
				8BFA4EC217612FD1001A7D00 /* ios_display.h */,
				8BFA4EC317612FD1001A7D00 /* ios_display.mm */,
				8BFA4EC617612FD1001A7D00 /* ViewController.h */,
				8BFA4EC717612FD1001A7D00 /* ViewController.mm */,
				8BFA4EC817612FD1001A7D00 /* GLSurface.h */,
				8BFA4EC917612FD1001A7D00 /* GLSurface.m */,
			);
			path = ios;
			sourceTree = "<group>";
		};
		8BFA4ED01761303A001A7D00 /* Engine */ = {
			isa = PBXGroup;
			children = (
				8BFA4ED5176131E5001A7D00 /* RenderSystem.cpp */,
				8BFA4ED6176131E5001A7D00 /* RenderSystem.h */,
				8BFA4ED2176130F7001A7D00 /* SEngine.cpp */,
				8BFA4ED3176130F7001A7D00 /* SEngine.h */,
			);
			path = Engine;
			sourceTree = "<group>";
		};
		8BFA4ED117613065001A7D00 /* Game */ = {
			isa = PBXGroup;
			children = (
				8BFA4F051763B282001A7D00 /* Interface */,
				8BFA4EFB1763B220001A7D00 /* Session */,
				8BFA4ED9176134BF001A7D00 /* SGame.cpp */,
				8BFA4EDA176134BF001A7D00 /* SGame.h */,
			);
			path = Game;
			sourceTree = "<group>";
		};
		8BFA4EFB1763B220001A7D00 /* Session */ = {
			isa = PBXGroup;
			children = (
				8BFA4EFC1763B25D001A7D00 /* SGameSession.cpp */,
				8BFA4EFD1763B25D001A7D00 /* SGameSession.h */,
				8B275E6917652EF400C9E329 /* SGameSessionDelegate.h */,
				8BFA4F1617650B61001A7D00 /* SGameFieldData.cpp */,
				8BFA4F1717650B61001A7D00 /* SGameFieldData.h */,
				8BFA4EFF1763B269001A7D00 /* SGameField.cpp */,
				8BFA4F001763B269001A7D00 /* SGameField.h */,
				8BFA4F1917650B77001A7D00 /* SSnakeData.cpp */,
				8BFA4F1A17650B78001A7D00 /* SSnakeData.h */,
				8BFA4F021763B275001A7D00 /* SSnake.cpp */,
				8BFA4F031763B276001A7D00 /* SSnake.h */,
				8BFA4F1D17651AB4001A7D00 /* SSnakeEnviromentInterface.h */,
			);
			path = Session;
			sourceTree = "<group>";
		};
		8BFA4F051763B282001A7D00 /* Interface */ = {
			isa = PBXGroup;
			children = (
				8BFA4F071763B8B8001A7D00 /* SInterface.cpp */,
				8BFA4F081763B8B8001A7D00 /* SInterface.h */,
				8B275E6D17667A8C00C9E329 /* SInterfaceDelegate.h */,
			);
			path = Interface;
			sourceTree = "<group>";
		};
		8BFA4F0E1763D6ED001A7D00 /* Resources */ = {
			isa = PBXGroup;
			children = (
				8BFA4F0F1763D73C001A7D00 /* retina */,
				8BFA4F101763D73C001A7D00 /* simple */,
			);
			path = Resources;
			sourceTree = "<group>";
		};
/* End PBXGroup section */

/* Begin PBXNativeTarget section */
		8B9CCD33175FD56B00D64BCC /* Snake */ = {
			isa = PBXNativeTarget;
			buildConfigurationList = 8B9CCD56175FD56B00D64BCC /* Build configuration list for PBXNativeTarget "Snake" */;
			buildPhases = (
				8B9CCD30175FD56B00D64BCC /* Sources */,
				8B9CCD31175FD56B00D64BCC /* Frameworks */,
				8B9CCD32175FD56B00D64BCC /* Resources */,
			);
			buildRules = (
			);
			dependencies = (
			);
			name = Snake;
			productName = Snake;
			productReference = 8B9CCD34175FD56B00D64BCC /* Snake.app */;
			productType = "com.apple.product-type.application";
		};
/* End PBXNativeTarget section */

/* Begin PBXProject section */
		8B9CCD2C175FD56B00D64BCC /* Project object */ = {
			isa = PBXProject;
			attributes = {
				LastUpgradeCheck = 0460;
				ORGANIZATIONNAME = HappyEnergy;
			};
			buildConfigurationList = 8B9CCD2F175FD56B00D64BCC /* Build configuration list for PBXProject "Snake" */;
			compatibilityVersion = "Xcode 3.2";
			developmentRegion = English;
			hasScannedForEncodings = 0;
			knownRegions = (
				en,
			);
			mainGroup = 8B9CCD2B175FD56B00D64BCC;
			productRefGroup = 8B9CCD35175FD56B00D64BCC /* Products */;
			projectDirPath = "";
			projectReferences = (
				{
					ProductGroup = 8BFA4EB617612EDA001A7D00 /* Products */;
					ProjectRef = 8BFA4EB517612EDA001A7D00 /* cocos2dx.xcodeproj */;
				},
			);
			projectRoot = "";
			targets = (
				8B9CCD33175FD56B00D64BCC /* Snake */,
			);
		};
/* End PBXProject section */

/* Begin PBXReferenceProxy section */
		8BFA4EBA17612EDB001A7D00 /* libcocos2dx.a */ = {
			isa = PBXReferenceProxy;
			fileType = archive.ar;
			path = libcocos2dx.a;
			remoteRef = 8BFA4EB917612EDB001A7D00 /* PBXContainerItemProxy */;
			sourceTree = BUILT_PRODUCTS_DIR;
		};
/* End PBXReferenceProxy section */

/* Begin PBXResourcesBuildPhase section */
		8B9CCD32175FD56B00D64BCC /* Resources */ = {
			isa = PBXResourcesBuildPhase;
			buildActionMask = 2147483647;
			files = (
				8B9CCD44175FD56B00D64BCC /* InfoPlist.strings in Resources */,
				8B9CCD4C175FD56B00D64BCC /* Default.png in Resources */,
				8B9CCD4E175FD56B00D64BCC /* Default@2x.png in Resources */,
				8B9CCD50175FD56B00D64BCC /* Default-568h@2x.png in Resources */,
				8BFA4F111763D73C001A7D00 /* retina in Resources */,
				8BFA4F121763D73C001A7D00 /* simple in Resources */,
			);
			runOnlyForDeploymentPostprocessing = 0;
		};
/* End PBXResourcesBuildPhase section */

/* Begin PBXSourcesBuildPhase section */
		8B9CCD30175FD56B00D64BCC /* Sources */ = {
			isa = PBXSourcesBuildPhase;
			buildActionMask = 2147483647;
			files = (
				8BFA4E9E17612C11001A7D00 /* Display.cpp in Sources */,
				8BFA4EBE17612F04001A7D00 /* CocosHelper.cpp in Sources */,
				8BFA4ECA17612FD1001A7D00 /* AppDelegate.mm in Sources */,
				8BFA4ECB17612FD1001A7D00 /* ios_display.mm in Sources */,
				8BFA4ECD17612FD1001A7D00 /* ViewController.mm in Sources */,
				8BFA4ECE17612FD1001A7D00 /* GLSurface.m in Sources */,
				8BFA4ED4176130F7001A7D00 /* SEngine.cpp in Sources */,
				8BFA4ED7176131E5001A7D00 /* RenderSystem.cpp in Sources */,
				8BFA4EDB176134BF001A7D00 /* SGame.cpp in Sources */,
				8BFA4EFE1763B25D001A7D00 /* SGameSession.cpp in Sources */,
				8BFA4F011763B26A001A7D00 /* SGameField.cpp in Sources */,
				8BFA4F041763B276001A7D00 /* SSnake.cpp in Sources */,
				8BFA4F091763B8B8001A7D00 /* SInterface.cpp in Sources */,
				8BFA4F1817650B62001A7D00 /* SGameFieldData.cpp in Sources */,
				8BFA4F1B17650B7A001A7D00 /* SSnakeData.cpp in Sources */,
				8B275E721766892900C9E329 /* StringUtils.cpp in Sources */,
			);
			runOnlyForDeploymentPostprocessing = 0;
		};
/* End PBXSourcesBuildPhase section */

/* Begin PBXVariantGroup section */
		8B9CCD42175FD56B00D64BCC /* InfoPlist.strings */ = {
			isa = PBXVariantGroup;
			children = (
				8B9CCD43175FD56B00D64BCC /* en */,
			);
			name = InfoPlist.strings;
			sourceTree = "<group>";
		};
/* End PBXVariantGroup section */

/* Begin XCBuildConfiguration section */
		8B9CCD54175FD56B00D64BCC /* Debug */ = {
			isa = XCBuildConfiguration;
			buildSettings = {
				ALWAYS_SEARCH_USER_PATHS = NO;
				CLANG_CXX_LANGUAGE_STANDARD = "gnu++0x";
				CLANG_CXX_LIBRARY = "libc++";
				CLANG_WARN_CONSTANT_CONVERSION = YES;
				CLANG_WARN_EMPTY_BODY = YES;
				CLANG_WARN_ENUM_CONVERSION = YES;
				CLANG_WARN_INT_CONVERSION = YES;
				CLANG_WARN__DUPLICATE_METHOD_MATCH = YES;
				"CODE_SIGN_IDENTITY[sdk=iphoneos*]" = "iPhone Developer";
				COPY_PHASE_STRIP = NO;
				GCC_C_LANGUAGE_STANDARD = gnu99;
				GCC_DYNAMIC_NO_PIC = NO;
				GCC_OPTIMIZATION_LEVEL = 0;
				GCC_PREPROCESSOR_DEFINITIONS = (
					"DEBUG=1",
					"$(inherited)",
				);
				GCC_SYMBOLS_PRIVATE_EXTERN = NO;
				GCC_WARN_ABOUT_RETURN_TYPE = YES;
				GCC_WARN_UNINITIALIZED_AUTOS = YES;
				GCC_WARN_UNUSED_VARIABLE = YES;
				IPHONEOS_DEPLOYMENT_TARGET = 6.1;
				ONLY_ACTIVE_ARCH = YES;
				SDKROOT = iphoneos;
			};
			name = Debug;
		};
		8B9CCD55175FD56B00D64BCC /* Release */ = {
			isa = XCBuildConfiguration;
			buildSettings = {
				ALWAYS_SEARCH_USER_PATHS = NO;
				CLANG_CXX_LANGUAGE_STANDARD = "gnu++0x";
				CLANG_CXX_LIBRARY = "libc++";
				CLANG_WARN_CONSTANT_CONVERSION = YES;
				CLANG_WARN_EMPTY_BODY = YES;
				CLANG_WARN_ENUM_CONVERSION = YES;
				CLANG_WARN_INT_CONVERSION = YES;
				CLANG_WARN__DUPLICATE_METHOD_MATCH = YES;
				"CODE_SIGN_IDENTITY[sdk=iphoneos*]" = "iPhone Developer";
				COPY_PHASE_STRIP = YES;
				GCC_C_LANGUAGE_STANDARD = gnu99;
				GCC_WARN_ABOUT_RETURN_TYPE = YES;
				GCC_WARN_UNINITIALIZED_AUTOS = YES;
				GCC_WARN_UNUSED_VARIABLE = YES;
				IPHONEOS_DEPLOYMENT_TARGET = 6.1;
				OTHER_CFLAGS = "-DNS_BLOCK_ASSERTIONS=1";
				SDKROOT = iphoneos;
				VALIDATE_PRODUCT = YES;
			};
			name = Release;
		};
		8B9CCD57175FD56B00D64BCC /* Debug */ = {
			isa = XCBuildConfiguration;
			buildSettings = {
				GCC_PRECOMPILE_PREFIX_HEADER = YES;
				GCC_PREFIX_HEADER = "Snake/Snake-Prefix.pch";
				GCC_PREPROCESSOR_DEFINITIONS = (
					"DEBUG=1",
					"$(inherited)",
					TARGET_OS_IPHONE,
					USE_FILE32API,
				);
				HEADER_SEARCH_PATHS = (
					"\"$(SRCROOT)/Snake/Vendors/cocos2d-2.0-x-2.0.4/cocos2dx/kazmath/include\"",
					"\"$(SRCROOT)/Snake/Vendors/cocos2d-2.0-x-2.0.4/cocos2dx/platform/ios\"",
					"\"$(SRCROOT)/Snake/Vendors/cocos2d-2.0-x-2.0.4/cocos2dx\"",
					"\"$(SRCROOT)/Snake/Vendors/cocos2d-2.0-x-2.0.4/cocos2dx/include\"",
					"\"$(SRCROOT)/Snake/Vendors/cocos2d-2.0-x-2.0.4/cocos2dx/cocoa\"",
				);
				INFOPLIST_FILE = "Snake/Snake-Info.plist";
				IPHONEOS_DEPLOYMENT_TARGET = 5.0;
				PRODUCT_NAME = "$(TARGET_NAME)";
				WRAPPER_EXTENSION = app;
			};
			name = Debug;
		};
		8B9CCD58175FD56B00D64BCC /* Release */ = {
			isa = XCBuildConfiguration;
			buildSettings = {
				GCC_PRECOMPILE_PREFIX_HEADER = YES;
				GCC_PREFIX_HEADER = "Snake/Snake-Prefix.pch";
				GCC_PREPROCESSOR_DEFINITIONS = (
					TARGET_OS_IPHONE,
					USE_FILE32API,
				);
				HEADER_SEARCH_PATHS = (
					"\"$(SRCROOT)/Snake/Vendors/cocos2d-2.0-x-2.0.4/cocos2dx/kazmath/include\"",
					"\"$(SRCROOT)/Snake/Vendors/cocos2d-2.0-x-2.0.4/cocos2dx/platform/ios\"",
					"\"$(SRCROOT)/Snake/Vendors/cocos2d-2.0-x-2.0.4/cocos2dx\"",
					"\"$(SRCROOT)/Snake/Vendors/cocos2d-2.0-x-2.0.4/cocos2dx/include\"",
					"\"$(SRCROOT)/Snake/Vendors/cocos2d-2.0-x-2.0.4/cocos2dx/cocoa\"",
				);
				INFOPLIST_FILE = "Snake/Snake-Info.plist";
				IPHONEOS_DEPLOYMENT_TARGET = 5.0;
				PRODUCT_NAME = "$(TARGET_NAME)";
				WRAPPER_EXTENSION = app;
			};
			name = Release;
		};
/* End XCBuildConfiguration section */

/* Begin XCConfigurationList section */
		8B9CCD2F175FD56B00D64BCC /* Build configuration list for PBXProject "Snake" */ = {
			isa = XCConfigurationList;
			buildConfigurations = (
				8B9CCD54175FD56B00D64BCC /* Debug */,
				8B9CCD55175FD56B00D64BCC /* Release */,
			);
			defaultConfigurationIsVisible = 0;
			defaultConfigurationName = Release;
		};
		8B9CCD56175FD56B00D64BCC /* Build configuration list for PBXNativeTarget "Snake" */ = {
			isa = XCConfigurationList;
			buildConfigurations = (
				8B9CCD57175FD56B00D64BCC /* Debug */,
				8B9CCD58175FD56B00D64BCC /* Release */,
			);
			defaultConfigurationIsVisible = 0;
			defaultConfigurationName = Release;
		};
/* End XCConfigurationList section */
	};
	rootObject = 8B9CCD2C175FD56B00D64BCC /* Project object */;
}
